
Microsoft Visual Studio Solution File, Format Version 12.00
# Visual Studio 15
Project("{FAE04EC0-301F-11D3-BF4B-00C04F79EFBC}") = "Assembly-CSharp", "Assembly-CSharp.csproj", "{CE954578-12AE-7BB6-CE3B-6655E4CF05B9}"
EndProject
Global
	GlobalSection(SolutionConfigurationPlatforms) = preSolution
		Debug|Any CPU = Debug|Any CPU
		Release|Any CPU = Release|Any CPU
	EndGlobalSection
	GlobalSection(ProjectConfigurationPlatforms) = postSolution
		{CE954578-12AE-7BB6-CE3B-6655E4CF05B9}.Debug|Any CPU.ActiveCfg = Debug|Any CPU
		{CE954578-12AE-7BB6-CE3B-6655E4CF05B9}.Debug|Any CPU.Build.0 = Debug|Any CPU
		{CE954578-12AE-7BB6-CE3B-6655E4CF05B9}.Release|Any CPU.ActiveCfg = Release|Any CPU
		{CE954578-12AE-7BB6-CE3B-6655E4CF05B9}.Release|Any CPU.Build.0 = Release|Any CPU
	EndGlobalSection
	GlobalSection(SolutionProperties) = preSolution
		HideSolutionNode = FALSE
	EndGlobalSection
EndGlobal
